// !$*UTF8*$!
{
	archiveVersion = 1;
	classes = {
	};
	objectVersion = 46;
	objects = {

/* Begin PBXBuildFile section */
		DAC2F5881A5F125C009F4C1D /* AppDelegate.swift in Sources */ = {isa = PBXBuildFile; fileRef = DAC2F5871A5F125C009F4C1D /* AppDelegate.swift */; };
		DAC2F58A1A5F125C009F4C1D /* ViewController.swift in Sources */ = {isa = PBXBuildFile; fileRef = DAC2F5891A5F125C009F4C1D /* ViewController.swift */; };
		DAC2F58D1A5F125C009F4C1D /* Main.storyboard in Resources */ = {isa = PBXBuildFile; fileRef = DAC2F58B1A5F125C009F4C1D /* Main.storyboard */; };
		DAC2F58F1A5F125C009F4C1D /* Images.xcassets in Resources */ = {isa = PBXBuildFile; fileRef = DAC2F58E1A5F125C009F4C1D /* Images.xcassets */; };
		DAC2F5921A5F125C009F4C1D /* LaunchScreen.xib in Resources */ = {isa = PBXBuildFile; fileRef = DAC2F5901A5F125C009F4C1D /* LaunchScreen.xib */; };
		DAC2F59E1A5F125D009F4C1D /* some3Tests.swift in Sources */ = {isa = PBXBuildFile; fileRef = DAC2F59D1A5F125D009F4C1D /* some3Tests.swift */; };
/* End PBXBuildFile section */

/* Begin PBXContainerItemProxy section */
		DAC2F5981A5F125D009F4C1D /* PBXContainerItemProxy */ = {
			isa = PBXContainerItemProxy;
			containerPortal = DAC2F57A1A5F125C009F4C1D /* Project object */;
			proxyType = 1;
			remoteGlobalIDString = DAC2F5811A5F125C009F4C1D;
			remoteInfo = some3;
		};
/* End PBXContainerItemProxy section */

/* Begin PBXFileReference section */
		DAC2F5821A5F125C009F4C1D /* some3.app */ = {isa = PBXFileReference; explicitFileType = wrapper.application; includeInIndex = 0; path = some3.app; sourceTree = BUILT_PRODUCTS_DIR; };
		DAC2F5861A5F125C009F4C1D /* Info.plist */ = {isa = PBXFileReference; lastKnownFileType = text.plist.xml; path = Info.plist; sourceTree = "<group>"; };
		DAC2F5871A5F125C009F4C1D /* AppDelegate.swift */ = {isa = PBXFileReference; lastKnownFileType = sourcecode.swift; path = AppDelegate.swift; sourceTree = "<group>"; };
		DAC2F5891A5F125C009F4C1D /* ViewController.swift */ = {isa = PBXFileReference; lastKnownFileType = sourcecode.swift; path = ViewController.swift; sourceTree = "<group>"; };
		DAC2F58C1A5F125C009F4C1D /* Base */ = {isa = PBXFileReference; lastKnownFileType = file.storyboard; name = Base; path = Base.lproj/Main.storyboard; sourceTree = "<group>"; };
		DAC2F58E1A5F125C009F4C1D /* Images.xcassets */ = {isa = PBXFileReference; lastKnownFileType = folder.assetcatalog; path = Images.xcassets; sourceTree = "<group>"; };
		DAC2F5911A5F125C009F4C1D /* Base */ = {isa = PBXFileReference; lastKnownFileType = file.xib; name = Base; path = Base.lproj/LaunchScreen.xib; sourceTree = "<group>"; };
		DAC2F5971A5F125D009F4C1D /* some3Tests.xctest */ = {isa = PBXFileReference; explicitFileType = wrapper.cfbundle; includeInIndex = 0; path = some3Tests.xctest; sourceTree = BUILT_PRODUCTS_DIR; };
		DAC2F59C1A5F125D009F4C1D /* Info.plist */ = {isa = PBXFileReference; lastKnownFileType = text.plist.xml; path = Info.plist; sourceTree = "<group>"; };
		DAC2F59D1A5F125D009F4C1D /* some3Tests.swift */ = {isa = PBXFileReference; lastKnownFileType = sourcecode.swift; path = some3Tests.swift; sourceTree = "<group>"; };
/* End PBXFileReference section */

/* Begin PBXFrameworksBuildPhase section */
		DAC2F57F1A5F125C009F4C1D /* Frameworks */ = {
			isa = PBXFrameworksBuildPhase;
			buildActionMask = 2147483647;
			files = (
			);
			runOnlyForDeploymentPostprocessing = 0;
		};
		DAC2F5941A5F125D009F4C1D /* Frameworks */ = {
			isa = PBXFrameworksBuildPhase;
			buildActionMask = 2147483647;
			files = (
			);
			runOnlyForDeploymentPostprocessing = 0;
		};
/* End PBXFrameworksBuildPhase section */

/* Begin PBXGroup section */
		DAC2F5791A5F125C009F4C1D = {
			isa = PBXGroup;
			children = (
				DAC2F5841A5F125C009F4C1D /* some3 */,
				DAC2F59A1A5F125D009F4C1D /* some3Tests */,
				DAC2F5831A5F125C009F4C1D /* Products */,
			);
			sourceTree = "<group>";
		};
		DAC2F5831A5F125C009F4C1D /* Products */ = {
			isa = PBXGroup;
			children = (
				DAC2F5821A5F125C009F4C1D /* some3.app */,
				DAC2F5971A5F125D009F4C1D /* some3Tests.xctest */,
			);
			name = Products;
			sourceTree = "<group>";
		};
		DAC2F5841A5F125C009F4C1D /* some3 */ = {
			isa = PBXGroup;
			children = (
				DAC2F5871A5F125C009F4C1D /* AppDelegate.swift */,
				DAC2F5891A5F125C009F4C1D /* ViewController.swift */,
				DAC2F58B1A5F125C009F4C1D /* Main.storyboard */,
				DAC2F58E1A5F125C009F4C1D /* Images.xcassets */,
				DAC2F5901A5F125C009F4C1D /* LaunchScreen.xib */,
				DAC2F5851A5F125C009F4C1D /* Supporting Files */,
			);
			path = some3;
			sourceTree = "<group>";
		};
		DAC2F5851A5F125C009F4C1D /* Supporting Files */ = {
			isa = PBXGroup;
			children = (
				DAC2F5861A5F125C009F4C1D /* Info.plist */,
			);
			name = "Supporting Files";
			sourceTree = "<group>";
		};
		DAC2F59A1A5F125D009F4C1D /* some3Tests */ = {
			isa = PBXGroup;
			children = (
				DAC2F59D1A5F125D009F4C1D /* some3Tests.swift */,
				DAC2F59B1A5F125D009F4C1D /* Supporting Files */,
			);
			path = some3Tests;
			sourceTree = "<group>";
		};
		DAC2F59B1A5F125D009F4C1D /* Supporting Files */ = {
			isa = PBXGroup;
			children = (
				DAC2F59C1A5F125D009F4C1D /* Info.plist */,
			);
			name = "Supporting Files";
			sourceTree = "<group>";
		};
/* End PBXGroup section */

/* Begin PBXNativeTarget section */
		DAC2F5811A5F125C009F4C1D /* some3 */ = {
			isa = PBXNativeTarget;
			buildConfigurationList = DAC2F5A11A5F125D009F4C1D /* Build configuration list for PBXNativeTarget "some3" */;
			buildPhases = (
				DAC2F57E1A5F125C009F4C1D /* Sources */,
				DAC2F57F1A5F125C009F4C1D /* Frameworks */,
				DAC2F5801A5F125C009F4C1D /* Resources */,
			);
			buildRules = (
			);
			dependencies = (
			);
			name = some3;
			productName = some3;
			productReference = DAC2F5821A5F125C009F4C1D /* some3.app */;
			productType = "com.apple.product-type.application";
		};
		DAC2F5961A5F125D009F4C1D /* some3Tests */ = {
			isa = PBXNativeTarget;
			buildConfigurationList = DAC2F5A41A5F125D009F4C1D /* Build configuration list for PBXNativeTarget "some3Tests" */;
			buildPhases = (
				DAC2F5931A5F125D009F4C1D /* Sources */,
				DAC2F5941A5F125D009F4C1D /* Frameworks */,
				DAC2F5951A5F125D009F4C1D /* Resources */,
			);
			buildRules = (
			);
			dependencies = (
				DAC2F5991A5F125D009F4C1D /* PBXTargetDependency */,
			);
			name = some3Tests;
			productName = some3Tests;
			productReference = DAC2F5971A5F125D009F4C1D /* some3Tests.xctest */;
			productType = "com.apple.product-type.bundle.unit-test";
		};
/* End PBXNativeTarget section */

/* Begin PBXProject section */
		DAC2F57A1A5F125C009F4C1D /* Project object */ = {
			isa = PBXProject;
			attributes = {
				LastUpgradeCheck = 0610;
				ORGANIZATIONNAME = "julian cabuya";
				TargetAttributes = {
					DAC2F5811A5F125C009F4C1D = {
						CreatedOnToolsVersion = 6.1.1;
					};
					DAC2F5961A5F125D009F4C1D = {
						CreatedOnToolsVersion = 6.1.1;
						TestTargetID = DAC2F5811A5F125C009F4C1D;
					};
				};
			};
			buildConfigurationList = DAC2F57D1A5F125C009F4C1D /* Build configuration list for PBXProject "some3" */;
			compatibilityVersion = "Xcode 3.2";
			developmentRegion = English;
			hasScannedForEncodings = 0;
			knownRegions = (
				en,
				Base,
			);
			mainGroup = DAC2F5791A5F125C009F4C1D;
			productRefGroup = DAC2F5831A5F125C009F4C1D /* Products */;
			projectDirPath = "";
			projectRoot = "";
			targets = (
				DAC2F5811A5F125C009F4C1D /* some3 */,
				DAC2F5961A5F125D009F4C1D /* some3Tests */,
			);
		};
/* End PBXProject section */

/* Begin PBXResourcesBuildPhase section */
		DAC2F5801A5F125C009F4C1D /* Resources */ = {
			isa = PBXResourcesBuildPhase;
			buildActionMask = 2147483647;
			files = (
				DAC2F58D1A5F125C009F4C1D /* Main.storyboard in Resources */,
				DAC2F5921A5F125C009F4C1D /* LaunchScreen.xib in Resources */,
				DAC2F58F1A5F125C009F4C1D /* Images.xcassets in Resources */,
			);
			runOnlyForDeploymentPostprocessing = 0;
		};
		DAC2F5951A5F125D009F4C1D /* Resources */ = {
			isa = PBXResourcesBuildPhase;
			buildActionMask = 2147483647;
			files = (
			);
			runOnlyForDeploymentPostprocessing = 0;
		};
/* End PBXResourcesBuildPhase section */

/* Begin PBXSourcesBuildPhase section */
		DAC2F57E1A5F125C009F4C1D /* Sources */ = {
			isa = PBXSourcesBuildPhase;
			buildActionMask = 2147483647;
			files = (
				DAC2F58A1A5F125C009F4C1D /* ViewController.swift in Sources */,
				DAC2F5881A5F125C009F4C1D /* AppDelegate.swift in Sources */,
			);
			runOnlyForDeploymentPostprocessing = 0;
		};
		DAC2F5931A5F125D009F4C1D /* Sources */ = {
			isa = PBXSourcesBuildPhase;
			buildActionMask = 2147483647;
			files = (
				DAC2F59E1A5F125D009F4C1D /* some3Tests.swift in Sources */,
			);
			runOnlyForDeploymentPostprocessing = 0;
		};
/* End PBXSourcesBuildPhase section */

/* Begin PBXTargetDependency section */
		DAC2F5991A5F125D009F4C1D /* PBXTargetDependency */ = {
			isa = PBXTargetDependency;
			target = DAC2F5811A5F125C009F4C1D /* some3 */;
			targetProxy = DAC2F5981A5F125D009F4C1D /* PBXContainerItemProxy */;
		};
/* End PBXTargetDependency section */

/* Begin PBXVariantGroup section */
		DAC2F58B1A5F125C009F4C1D /* Main.storyboard */ = {
			isa = PBXVariantGroup;
			children = (
				DAC2F58C1A5F125C009F4C1D /* Base */,
			);
			name = Main.storyboard;
			sourceTree = "<group>";
		};
		DAC2F5901A5F125C009F4C1D /* LaunchScreen.xib */ = {
			isa = PBXVariantGroup;
			children = (
				DAC2F5911A5F125C009F4C1D /* Base */,
			);
			name = LaunchScreen.xib;
			sourceTree = "<group>";
		};
/* End PBXVariantGroup section */

/* Begin XCBuildConfiguration section */
		DAC2F59F1A5F125D009F4C1D /* Debug */ = {
			isa = XCBuildConfiguration;
			buildSettings = {
				ALWAYS_SEARCH_USER_PATHS = NO;
				CLANG_CXX_LANGUAGE_STANDARD = "gnu++0x";
				CLANG_CXX_LIBRARY = "libc++";
				CLANG_ENABLE_MODULES = YES;
				CLANG_ENABLE_OBJC_ARC = YES;
				CLANG_WARN_BOOL_CONVERSION = YES;
				CLANG_WARN_CONSTANT_CONVERSION = YES;
				CLANG_WARN_DIRECT_OBJC_ISA_USAGE = YES_ERROR;
				CLANG_WARN_EMPTY_BODY = YES;
				CLANG_WARN_ENUM_CONVERSION = YES;
				CLANG_WARN_INT_CONVERSION = YES;
				CLANG_WARN_OBJC_ROOT_CLASS = YES_ERROR;
				CLANG_WARN_UNREACHABLE_CODE = YES;
				CLANG_WARN__DUPLICATE_METHOD_MATCH = YES;
				"CODE_SIGN_IDENTITY[sdk=iphoneos*]" = "iPhone Developer";
				COPY_PHASE_STRIP = NO;
				ENABLE_STRICT_OBJC_MSGSEND = YES;
				GCC_C_LANGUAGE_STANDARD = gnu99;
				GCC_DYNAMIC_NO_PIC = NO;
				GCC_OPTIMIZATION_LEVEL = 0;
				GCC_PREPROCESSOR_DEFINITIONS = (
					"DEBUG=1",
					"$(inherited)",
				);
				GCC_SYMBOLS_PRIVATE_EXTERN = NO;
				GCC_WARN_64_TO_32_BIT_CONVERSION = YES;
				GCC_WARN_ABOUT_RETURN_TYPE = YES_ERROR;
				GCC_WARN_UNDECLARED_SELECTOR = YES;
				GCC_WARN_UNINITIALIZED_AUTOS = YES_AGGRESSIVE;
				GCC_WARN_UNUSED_FUNCTION = YES;
				GCC_WARN_UNUSED_VARIABLE = YES;
				IPHONEOS_DEPLOYMENT_TARGET = 8.1;
				MTL_ENABLE_DEBUG_INFO = YES;
				ONLY_ACTIVE_ARCH = YES;
				SDKROOT = iphoneos;
				SWIFT_OPTIMIZATION_LEVEL = "-Onone";
				TARGETED_DEVICE_FAMILY = "1,2";
			};
			name = Debug;
		};
		DAC2F5A01A5F125D009F4C1D /* Release */ = {
			isa = XCBuildConfiguration;
			buildSettings = {
				ALWAYS_SEARCH_USER_PATHS = NO;
				CLANG_CXX_LANGUAGE_STANDARD = "gnu++0x";
				CLANG_CXX_LIBRARY = "libc++";
				CLANG_ENABLE_MODULES = YES;
				CLANG_ENABLE_OBJC_ARC = YES;
				CLANG_WARN_BOOL_CONVERSION = YES;
				CLANG_WARN_CONSTANT_CONVERSION = YES;
				CLANG_WARN_DIRECT_OBJC_ISA_USAGE = YES_ERROR;
				CLANG_WARN_EMPTY_BODY = YES;
				CLANG_WARN_ENUM_CONVERSION = YES;
				CLANG_WARN_INT_CONVERSION = YES;
				CLANG_WARN_OBJC_ROOT_CLASS = YES_ERROR;
				CLANG_WARN_UNREACHABLE_CODE = YES;
				CLANG_WARN__DUPLICATE_METHOD_MATCH = YES;
				"CODE_SIGN_IDENTITY[sdk=iphoneos*]" = "iPhone Developer";
				COPY_PHASE_STRIP = YES;
				ENABLE_NS_ASSERTIONS = NO;
				ENABLE_STRICT_OBJC_MSGSEND = YES;
				GCC_C_LANGUAGE_STANDARD = gnu99;
				GCC_WARN_64_TO_32_BIT_CONVERSION = YES;
				GCC_WARN_ABOUT_RETURN_TYPE = YES_ERROR;
				GCC_WARN_UNDECLARED_SELECTOR = YES;
				GCC_WARN_UNINITIALIZED_AUTOS = YES_AGGRESSIVE;
				GCC_WARN_UNUSED_FUNCTION = YES;
				GCC_WARN_UNUSED_VARIABLE = YES;
				IPHONEOS_DEPLOYMENT_TARGET = 8.1;
				MTL_ENABLE_DEBUG_INFO = NO;
				SDKROOT = iphoneos;
				TARGETED_DEVICE_FAMILY = "1,2";
				VALIDATE_PRODUCT = YES;
			};
			name = Release;
		};
		DAC2F5A21A5F125D009F4C1D /* Debug */ = {
			isa = XCBuildConfiguration;
			buildSettings = {
				ASSETCATALOG_COMPILER_APPICON_NAME = AppIcon;
				INFOPLIST_FILE = some3/Info.plist;
				LD_RUNPATH_SEARCH_PATHS = "$(inherited) @executable_path/Frameworks";
				PRODUCT_NAME = "$(TARGET_NAME)";
			};
			name = Debug;
		};
		DAC2F5A31A5F125D009F4C1D /* Release */ = {
			isa = XCBuildConfiguration;
			buildSettings = {
				ASSETCATALOG_COMPILER_APPICON_NAME = AppIcon;
				INFOPLIST_FILE = some3/Info.plist;
				LD_RUNPATH_SEARCH_PATHS = "$(inherited) @executable_path/Frameworks";
				PRODUCT_NAME = "$(TARGET_NAME)";
			};
			name = Release;
		};
		DAC2F5A51A5F125D009F4C1D /* Debug */ = {
			isa = XCBuildConfiguration;
			buildSettings = {
				BUNDLE_LOADER = "$(TEST_HOST)";
				FRAMEWORK_SEARCH_PATHS = (
					"$(SDKROOT)/Developer/Library/Frameworks",
					"$(inherited)",
				);
				GCC_PREPROCESSOR_DEFINITIONS = (
					"DEBUG=1",
					"$(inherited)",
				);
				INFOPLIST_FILE = some3Tests/Info.plist;
				LD_RUNPATH_SEARCH_PATHS = "$(inherited) @executable_path/Frameworks @loader_path/Frameworks";
				PRODUCT_NAME = "$(TARGET_NAME)";
				TEST_HOST = "$(BUILT_PRODUCTS_DIR)/some3.app/some3";
			};
			name = Debug;
		};
		DAC2F5A61A5F125D009F4C1D /* Release */ = {
			isa = XCBuildConfiguration;
			buildSettings = {
				BUNDLE_LOADER = "$(TEST_HOST)";
				FRAMEWORK_SEARCH_PATHS = (
					"$(SDKROOT)/Developer/Library/Frameworks",
					"$(inherited)",
				);
				INFOPLIST_FILE = some3Tests/Info.plist;
				LD_RUNPATH_SEARCH_PATHS = "$(inherited) @executable_path/Frameworks @loader_path/Frameworks";
				PRODUCT_NAME = "$(TARGET_NAME)";
				TEST_HOST = "$(BUILT_PRODUCTS_DIR)/some3.app/some3";
			};
			name = Release;
		};
/* End XCBuildConfiguration section */

/* Begin XCConfigurationList section */
		DAC2F57D1A5F125C009F4C1D /* Build configuration list for PBXProject "some3" */ = {
			isa = XCConfigurationList;
			buildConfigurations = (
				DAC2F59F1A5F125D009F4C1D /* Debug */,
				DAC2F5A01A5F125D009F4C1D /* Release */,
			);
			defaultConfigurationIsVisible = 0;
			defaultConfigurationName = Release;
		};
		DAC2F5A11A5F125D009F4C1D /* Build configuration list for PBXNativeTarget "some3" */ = {
			isa = XCConfigurationList;
			buildConfigurations = (
				DAC2F5A21A5F125D009F4C1D /* Debug */,
				DAC2F5A31A5F125D009F4C1D /* Release */,
			);
			defaultConfigurationIsVisible = 0;
		};
		DAC2F5A41A5F125D009F4C1D /* Build configuration list for PBXNativeTarget "some3Tests" */ = {
			isa = XCConfigurationList;
			buildConfigurations = (
				DAC2F5A51A5F125D009F4C1D /* Debug */,
				DAC2F5A61A5F125D009F4C1D /* Release */,
			);
			defaultConfigurationIsVisible = 0;
		};
/* End XCConfigurationList section */
	};
	rootObject = DAC2F57A1A5F125C009F4C1D /* Project object */;
}
